
Microsoft Visual Studio Solution File, Format Version 12.00
# Visual Studio Version 16
VisualStudioVersion = 16.0.30804.86
MinimumVisualStudioVersion = 10.0.40219.1
Project("{FAE04EC0-301F-11D3-BF4B-00C04F79EFBC}") = "Pushya", "Pushya.csproj", "{CE89856E-09A6-4A29-B3AD-A50E8DAE89A2}"
EndProject
Global
	GlobalSection(SolutionConfigurationPlatforms) = preSolution
		Debug|Any CPU = Debug|Any CPU
		Release|Any CPU = Release|Any CPU
	EndGlobalSection
	GlobalSection(ProjectConfigurationPlatforms) = postSolution
		{CE89856E-09A6-4A29-B3AD-A50E8DAE89A2}.Debug|Any CPU.ActiveCfg = Debug|Any CPU
		{CE89856E-09A6-4A29-B3AD-A50E8DAE89A2}.Debug|Any CPU.Build.0 = Debug|Any CPU
		{CE89856E-09A6-4A29-B3AD-A50E8DAE89A2}.Release|Any CPU.ActiveCfg = Release|Any CPU
		{CE89856E-09A6-4A29-B3AD-A50E8DAE89A2}.Release|Any CPU.Build.0 = Release|Any CPU
	EndGlobalSection
	GlobalSection(SolutionProperties) = preSolution
		HideSolutionNode = FALSE
	EndGlobalSection
	GlobalSection(ExtensibilityGlobals) = postSolution
		SolutionGuid = {5CC930F2-6E7D-4116-87A5-EED3B1ED39BD}
	EndGlobalSection
EndGlobal
